
Microsoft Visual Studio Solution File, Format Version 12.00
# Visual Studio Version 17
VisualStudioVersion = 17.7.34024.191
MinimumVisualStudioVersion = 10.0.40219.1
Project("{FAE04EC0-301F-11D3-BF4B-00C04F79EFBC}") = "New_ATCSharp", "New_ATCSharp.csproj", "{ECC8092D-E952-4896-A736-304914F7D0A1}"
EndProject
Global
	GlobalSection(SolutionConfigurationPlatforms) = preSolution
		Debug|Any CPU = Debug|Any CPU
		Release|Any CPU = Release|Any CPU
	EndGlobalSection
	GlobalSection(ProjectConfigurationPlatforms) = postSolution
		{ECC8092D-E952-4896-A736-304914F7D0A1}.Debug|Any CPU.ActiveCfg = Debug|Any CPU
		{ECC8092D-E952-4896-A736-304914F7D0A1}.Debug|Any CPU.Build.0 = Debug|Any CPU
		{ECC8092D-E952-4896-A736-304914F7D0A1}.Release|Any CPU.ActiveCfg = Release|Any CPU
		{ECC8092D-E952-4896-A736-304914F7D0A1}.Release|Any CPU.Build.0 = Release|Any CPU
	EndGlobalSection
	GlobalSection(SolutionProperties) = preSolution
		HideSolutionNode = FALSE
	EndGlobalSection
	GlobalSection(ExtensibilityGlobals) = postSolution
		SolutionGuid = {CD3531D3-96FC-45A4-A39B-30344295590A}
	EndGlobalSection
EndGlobal
